<?xml version="1.0" encoding="utf-8"?>
<Project ToolsVersion="4.0" xmlns:atg="http://atg.xbox.com" xmlns="http://schemas.microsoft.com/developer/msbuild/2003">
  <ItemGroup>
    <Filter Include="Resource Files">
      <UniqueIdentifier>{8e114980-c1a3-4ada-ad7c-83caadf5daeb}</UniqueIdentifier>
      <Extensions>rc;ico;cur;bmp;dlg;rc2;rct;bin;rgs;gif;jpg;jpeg;jpe</Extensions>
    </Filter>
    <Filter Include="Shaders">
      <UniqueIdentifier>{2c3d4c8c-5d1a-459a-a05a-a4e4b608a44e}</UniqueIdentifier>
      <Extensions>fx;fxh;hlsl</Extensions>
    </Filter>
    <Filter Include="Resource Files\Textures">
      <UniqueIdentifier>{84a4d56f-682d-4b12-a7c9-064cc08bce09}</UniqueIdentifier>
    </Filter>
    <Filter Include="Application">
      <UniqueIdentifier>{2793ef4a-c82d-4261-8dc0-c6962187e097}</UniqueIdentifier>
    </Filter>
    <Filter Include="Cameras">
      <UniqueIdentifier>{0a85b0fa-35ba-4708-8ddf-5f5d6ed33900}</UniqueIdentifier>
    </Filter>
    <Filter Include="GameObject">
      <UniqueIdentifier>{2465aab1-fb4f-43d3-96ee-db6fff89264f}</UniqueIdentifier>
    </Filter>
    <Filter Include="Terrain">
      <UniqueIdentifier>{416a4ad2-124f-4c55-8573-bc16ff576be7}</UniqueIdentifier>
    </Filter>
    <Filter Include="MathFuncs">
      <UniqueIdentifier>{e3c55872-4c1c-4225-92fa-040306f35687}</UniqueIdentifier>
    </Filter>
    <Filter Include="Models">
      <UniqueIdentifier>{cc2aaa88-1162-433c-9e01-d4ea675b6cd5}</UniqueIdentifier>
    </Filter>
    <Filter Include="Models\MD3Model">
      <UniqueIdentifier>{9d22f929-0c14-4d59-a84c-835acd627d8e}</UniqueIdentifier>
    </Filter>
    <Filter Include="Models\MD5Model">
      <UniqueIdentifier>{fb18e489-1aa5-4374-883e-6701b7454e84}</UniqueIdentifier>
    </Filter>
    <Filter Include="Texturing">
      <UniqueIdentifier>{fdc5ebee-ebfa-4f84-9367-27d0e20682a9}</UniqueIdentifier>
    </Filter>
    <Filter Include="Renderer">
      <UniqueIdentifier>{eb272498-894b-4f19-9709-0cc3373b4fd6}</UniqueIdentifier>
    </Filter>
  </ItemGroup>
  <ItemGroup>
    <ClInclude Include="Application.h">
      <Filter>Application</Filter>
    </ClInclude>
    <ClInclude Include="Camera.h">
      <Filter>Cameras</Filter>
    </ClInclude>
    <ClInclude Include="GameObject.h">
      <Filter>GameObject</Filter>
    </ClInclude>
    <ClInclude Include="Terrain.h">
      <Filter>Terrain</Filter>
    </ClInclude>
    <ClInclude Include="HeightMap.h">
      <Filter>Terrain</Filter>
    </ClInclude>
    <ClInclude Include="Structures.h" />
    <ClInclude Include="HeightMapGenerator.h">
      <Filter>Terrain</Filter>
    </ClInclude>
    <ClInclude Include="MathFuncs.h">
      <Filter>MathFuncs</Filter>
    </ClInclude>
    <ClInclude Include="FlyingCamera.h">
      <Filter>Cameras</Filter>
    </ClInclude>
    <ClInclude Include="FirstPersonCamera.h">
      <Filter>Cameras</Filter>
    </ClInclude>
    <ClInclude Include="MoveOnTerrainGO.h">
      <Filter>GameObject</Filter>
    </ClInclude>
    <ClInclude Include="MD3Model.h">
      <Filter>Models\MD3Model</Filter>
    </ClInclude>
    <ClInclude Include="MD3ModelStructs.h">
      <Filter>Models\MD3Model</Filter>
    </ClInclude>
    <ClInclude Include="TextureManager.h">
      <Filter>Texturing</Filter>
    </ClInclude>
    <ClInclude Include="DDSTextureLoader.h">
      <Filter>Texturing</Filter>
    </ClInclude>
    <ClInclude Include="MD3Loader.h">
      <Filter>Models\MD3Model</Filter>
    </ClInclude>
    <ClInclude Include="MD3ModelGeomatry.h">
      <Filter>Models\MD3Model</Filter>
    </ClInclude>
    <ClInclude Include="SkeletalModel.h">
      <Filter>Models\MD5Model</Filter>
    </ClInclude>
    <ClInclude Include="ModelLoader.h">
      <Filter>Models\MD5Model</Filter>
    </ClInclude>
    <ClInclude Include="Renderer.h">
      <Filter>Renderer</Filter>
    </ClInclude>
    <ClInclude Include="HeightMapManager.h">
      <Filter>Terrain</Filter>
    </ClInclude>
  </ItemGroup>
  <ItemGroup>
    <ClCompile Include="Main.cpp" />
    <ClCompile Include="Application.cpp">
      <Filter>Application</Filter>
    </ClCompile>
    <ClCompile Include="Camera.cpp">
      <Filter>Cameras</Filter>
    </ClCompile>
    <ClCompile Include="GameObject.cpp">
      <Filter>GameObject</Filter>
    </ClCompile>
    <ClCompile Include="Terrain.cpp">
      <Filter>Terrain</Filter>
    </ClCompile>
    <ClCompile Include="HeightMap.cpp">
      <Filter>Terrain</Filter>
    </ClCompile>
    <ClCompile Include="HeightMapGenerator.cpp">
      <Filter>Terrain</Filter>
    </ClCompile>
    <ClCompile Include="MathFuncs.cpp">
      <Filter>MathFuncs</Filter>
    </ClCompile>
    <ClCompile Include="FlyingCamera.cpp">
      <Filter>Cameras</Filter>
    </ClCompile>
    <ClCompile Include="FirstPersonCamera.cpp">
      <Filter>Cameras</Filter>
    </ClCompile>
    <ClCompile Include="MoveOnTerrainGO.cpp">
      <Filter>GameObject</Filter>
    </ClCompile>
    <ClCompile Include="MD3Model.cpp">
      <Filter>Models\MD3Model</Filter>
    </ClCompile>
    <ClCompile Include="MD3ModelStructs.cpp">
      <Filter>Models\MD3Model</Filter>
    </ClCompile>
    <ClCompile Include="TextureManager.cpp">
      <Filter>Texturing</Filter>
    </ClCompile>
    <ClCompile Include="DDSTextureLoader.cpp">
      <Filter>Texturing</Filter>
    </ClCompile>
    <ClCompile Include="MD3ModelGeomatry.cpp">
      <Filter>Models\MD3Model</Filter>
    </ClCompile>
    <ClCompile Include="MD3Loader.cpp">
      <Filter>Models\MD3Model</Filter>
    </ClCompile>
    <ClCompile Include="ModelLoader.cpp">
      <Filter>Models\MD5Model</Filter>
    </ClCompile>
    <ClCompile Include="Renderer.cpp">
      <Filter>Renderer</Filter>
    </ClCompile>
    <ClCompile Include="HeightMapManager.cpp">
      <Filter>Terrain</Filter>
    </ClCompile>
  </ItemGroup>
  <ItemGroup>
    <CLInclude Include="resource.h">
      <Filter>Resource Files</Filter>
    </CLInclude>
  </ItemGroup>
  <ItemGroup>
    <ResourceCompile Include="DX11 Framework.rc">
      <Filter>Resource Files</Filter>
    </ResourceCompile>
  </ItemGroup>
  <ItemGroup>
    <Image Include="Resources\Crate_COLOR.dds">
      <Filter>Resource Files\Textures</Filter>
    </Image>
  </ItemGroup>
  <ItemGroup>
    <None Include="DX11 Framework.fx">
      <Filter>Shaders</Filter>
    </None>
    <None Include="MD3_SHADER.fx">
      <Filter>Shaders</Filter>
    </None>
  </ItemGroup>
</Project>